
Microsoft Visual Studio Solution File, Format Version 12.00
# Visual Studio Version 17
VisualStudioVersion = 17.13.35931.197 d17.13
MinimumVisualStudioVersion = 10.0.40219.1
Project("{FAE04EC0-301F-11D3-BF4B-00C04F79EFBC}") = "Cantina 2.0", "Cantina 2.0\Cantina 2.0.csproj", "{0DC64481-1279-471E-A356-B8A5CF764F75}"
EndProject
Global
	GlobalSection(SolutionConfigurationPlatforms) = preSolution
		Debug|Any CPU = Debug|Any CPU
		Release|Any CPU = Release|Any CPU
	EndGlobalSection
	GlobalSection(ProjectConfigurationPlatforms) = postSolution
		{0DC64481-1279-471E-A356-B8A5CF764F75}.Debug|Any CPU.ActiveCfg = Debug|Any CPU
		{0DC64481-1279-471E-A356-B8A5CF764F75}.Debug|Any CPU.Build.0 = Debug|Any CPU
		{0DC64481-1279-471E-A356-B8A5CF764F75}.Release|Any CPU.ActiveCfg = Release|Any CPU
		{0DC64481-1279-471E-A356-B8A5CF764F75}.Release|Any CPU.Build.0 = Release|Any CPU
	EndGlobalSection
	GlobalSection(SolutionProperties) = preSolution
		HideSolutionNode = FALSE
	EndGlobalSection
	GlobalSection(ExtensibilityGlobals) = postSolution
		SolutionGuid = {CAECB47D-76DB-4114-848B-D86C1515F5D9}
	EndGlobalSection
EndGlobal
